// !$*UTF8*$!
{
	archiveVersion = 1;
	classes = {
	};
	objectVersion = 50;
	objects = {

/* Begin PBXBuildFile section */
		C7F4229B243DC71200E94B09 /* AppDelegate.m in Sources */ = {isa = PBXBuildFile; fileRef = C7F4229A243DC71200E94B09 /* AppDelegate.m */; };
		C7F4229E243DC71200E94B09 /* SceneDelegate.m in Sources */ = {isa = PBXBuildFile; fileRef = C7F4229D243DC71200E94B09 /* SceneDelegate.m */; };
		C7F422A1243DC71200E94B09 /* ViewController.m in Sources */ = {isa = PBXBuildFile; fileRef = C7F422A0243DC71200E94B09 /* ViewController.m */; };
		C7F422A4243DC71200E94B09 /* Main.storyboard in Resources */ = {isa = PBXBuildFile; fileRef = C7F422A2243DC71200E94B09 /* Main.storyboard */; };
		C7F422A6243DC71300E94B09 /* Assets.xcassets in Resources */ = {isa = PBXBuildFile; fileRef = C7F422A5243DC71300E94B09 /* Assets.xcassets */; };
		C7F422A9243DC71300E94B09 /* LaunchScreen.storyboard in Resources */ = {isa = PBXBuildFile; fileRef = C7F422A7243DC71300E94B09 /* LaunchScreen.storyboard */; };
		C7F422AC243DC71300E94B09 /* main.m in Sources */ = {isa = PBXBuildFile; fileRef = C7F422AB243DC71300E94B09 /* main.m */; };
		C7F422B6243DC71300E94B09 /* TestCategoryTests.m in Sources */ = {isa = PBXBuildFile; fileRef = C7F422B5243DC71300E94B09 /* TestCategoryTests.m */; };
		C7F422C1243DC71300E94B09 /* TestCategoryUITests.m in Sources */ = {isa = PBXBuildFile; fileRef = C7F422C0243DC71300E94B09 /* TestCategoryUITests.m */; };
		C7F422D0243DC72800E94B09 /* Person.m in Sources */ = {isa = PBXBuildFile; fileRef = C7F422CF243DC72800E94B09 /* Person.m */; };
		C7F422D3243DC74E00E94B09 /* Person+A.m in Sources */ = {isa = PBXBuildFile; fileRef = C7F422D2243DC74E00E94B09 /* Person+A.m */; };
/* End PBXBuildFile section */

/* Begin PBXContainerItemProxy section */
		C7F422B2243DC71300E94B09 /* PBXContainerItemProxy */ = {
			isa = PBXContainerItemProxy;
			containerPortal = C7F4228E243DC71200E94B09 /* Project object */;
			proxyType = 1;
			remoteGlobalIDString = C7F42295243DC71200E94B09;
			remoteInfo = TestCategory;
		};
		C7F422BD243DC71300E94B09 /* PBXContainerItemProxy */ = {
			isa = PBXContainerItemProxy;
			containerPortal = C7F4228E243DC71200E94B09 /* Project object */;
			proxyType = 1;
			remoteGlobalIDString = C7F42295243DC71200E94B09;
			remoteInfo = TestCategory;
		};
/* End PBXContainerItemProxy section */

/* Begin PBXFileReference section */
		C7F42296243DC71200E94B09 /* TestCategory.app */ = {isa = PBXFileReference; explicitFileType = wrapper.application; includeInIndex = 0; path = TestCategory.app; sourceTree = BUILT_PRODUCTS_DIR; };
		C7F42299243DC71200E94B09 /* AppDelegate.h */ = {isa = PBXFileReference; lastKnownFileType = sourcecode.c.h; path = AppDelegate.h; sourceTree = "<group>"; };
		C7F4229A243DC71200E94B09 /* AppDelegate.m */ = {isa = PBXFileReference; lastKnownFileType = sourcecode.c.objc; path = AppDelegate.m; sourceTree = "<group>"; };
		C7F4229C243DC71200E94B09 /* SceneDelegate.h */ = {isa = PBXFileReference; lastKnownFileType = sourcecode.c.h; path = SceneDelegate.h; sourceTree = "<group>"; };
		C7F4229D243DC71200E94B09 /* SceneDelegate.m */ = {isa = PBXFileReference; lastKnownFileType = sourcecode.c.objc; path = SceneDelegate.m; sourceTree = "<group>"; };
		C7F4229F243DC71200E94B09 /* ViewController.h */ = {isa = PBXFileReference; lastKnownFileType = sourcecode.c.h; path = ViewController.h; sourceTree = "<group>"; };
		C7F422A0243DC71200E94B09 /* ViewController.m */ = {isa = PBXFileReference; lastKnownFileType = sourcecode.c.objc; path = ViewController.m; sourceTree = "<group>"; };
		C7F422A3243DC71200E94B09 /* Base */ = {isa = PBXFileReference; lastKnownFileType = file.storyboard; name = Base; path = Base.lproj/Main.storyboard; sourceTree = "<group>"; };
		C7F422A5243DC71300E94B09 /* Assets.xcassets */ = {isa = PBXFileReference; lastKnownFileType = folder.assetcatalog; path = Assets.xcassets; sourceTree = "<group>"; };
		C7F422A8243DC71300E94B09 /* Base */ = {isa = PBXFileReference; lastKnownFileType = file.storyboard; name = Base; path = Base.lproj/LaunchScreen.storyboard; sourceTree = "<group>"; };
		C7F422AA243DC71300E94B09 /* Info.plist */ = {isa = PBXFileReference; lastKnownFileType = text.plist.xml; path = Info.plist; sourceTree = "<group>"; };
		C7F422AB243DC71300E94B09 /* main.m */ = {isa = PBXFileReference; lastKnownFileType = sourcecode.c.objc; path = main.m; sourceTree = "<group>"; };
		C7F422B1243DC71300E94B09 /* TestCategoryTests.xctest */ = {isa = PBXFileReference; explicitFileType = wrapper.cfbundle; includeInIndex = 0; path = TestCategoryTests.xctest; sourceTree = BUILT_PRODUCTS_DIR; };
		C7F422B5243DC71300E94B09 /* TestCategoryTests.m */ = {isa = PBXFileReference; lastKnownFileType = sourcecode.c.objc; path = TestCategoryTests.m; sourceTree = "<group>"; };
		C7F422B7243DC71300E94B09 /* Info.plist */ = {isa = PBXFileReference; lastKnownFileType = text.plist.xml; path = Info.plist; sourceTree = "<group>"; };
		C7F422BC243DC71300E94B09 /* TestCategoryUITests.xctest */ = {isa = PBXFileReference; explicitFileType = wrapper.cfbundle; includeInIndex = 0; path = TestCategoryUITests.xctest; sourceTree = BUILT_PRODUCTS_DIR; };
		C7F422C0243DC71300E94B09 /* TestCategoryUITests.m */ = {isa = PBXFileReference; lastKnownFileType = sourcecode.c.objc; path = TestCategoryUITests.m; sourceTree = "<group>"; };
		C7F422C2243DC71300E94B09 /* Info.plist */ = {isa = PBXFileReference; lastKnownFileType = text.plist.xml; path = Info.plist; sourceTree = "<group>"; };
		C7F422CE243DC72800E94B09 /* Person.h */ = {isa = PBXFileReference; lastKnownFileType = sourcecode.c.h; path = Person.h; sourceTree = "<group>"; };
		C7F422CF243DC72800E94B09 /* Person.m */ = {isa = PBXFileReference; lastKnownFileType = sourcecode.c.objc; path = Person.m; sourceTree = "<group>"; };
		C7F422D1243DC74E00E94B09 /* Person+A.h */ = {isa = PBXFileReference; lastKnownFileType = sourcecode.c.h; path = "Person+A.h"; sourceTree = "<group>"; };
		C7F422D2243DC74E00E94B09 /* Person+A.m */ = {isa = PBXFileReference; lastKnownFileType = sourcecode.c.objc; path = "Person+A.m"; sourceTree = "<group>"; };
/* End PBXFileReference section */

/* Begin PBXFrameworksBuildPhase section */
		C7F42293243DC71200E94B09 /* Frameworks */ = {
			isa = PBXFrameworksBuildPhase;
			buildActionMask = 2147483647;
			files = (
			);
			runOnlyForDeploymentPostprocessing = 0;
		};
		C7F422AE243DC71300E94B09 /* Frameworks */ = {
			isa = PBXFrameworksBuildPhase;
			buildActionMask = 2147483647;
			files = (
			);
			runOnlyForDeploymentPostprocessing = 0;
		};
		C7F422B9243DC71300E94B09 /* Frameworks */ = {
			isa = PBXFrameworksBuildPhase;
			buildActionMask = 2147483647;
			files = (
			);
			runOnlyForDeploymentPostprocessing = 0;
		};
/* End PBXFrameworksBuildPhase section */

/* Begin PBXGroup section */
		C7F4228D243DC71200E94B09 = {
			isa = PBXGroup;
			children = (
				C7F42298243DC71200E94B09 /* TestCategory */,
				C7F422B4243DC71300E94B09 /* TestCategoryTests */,
				C7F422BF243DC71300E94B09 /* TestCategoryUITests */,
				C7F42297243DC71200E94B09 /* Products */,
			);
			sourceTree = "<group>";
		};
		C7F42297243DC71200E94B09 /* Products */ = {
			isa = PBXGroup;
			children = (
				C7F42296243DC71200E94B09 /* TestCategory.app */,
				C7F422B1243DC71300E94B09 /* TestCategoryTests.xctest */,
				C7F422BC243DC71300E94B09 /* TestCategoryUITests.xctest */,
			);
			name = Products;
			sourceTree = "<group>";
		};
		C7F42298243DC71200E94B09 /* TestCategory */ = {
			isa = PBXGroup;
			children = (
				C7F42299243DC71200E94B09 /* AppDelegate.h */,
				C7F4229A243DC71200E94B09 /* AppDelegate.m */,
				C7F4229C243DC71200E94B09 /* SceneDelegate.h */,
				C7F4229D243DC71200E94B09 /* SceneDelegate.m */,
				C7F4229F243DC71200E94B09 /* ViewController.h */,
				C7F422A0243DC71200E94B09 /* ViewController.m */,
				C7F422CE243DC72800E94B09 /* Person.h */,
				C7F422CF243DC72800E94B09 /* Person.m */,
				C7F422D1243DC74E00E94B09 /* Person+A.h */,
				C7F422D2243DC74E00E94B09 /* Person+A.m */,
				C7F422A2243DC71200E94B09 /* Main.storyboard */,
				C7F422A5243DC71300E94B09 /* Assets.xcassets */,
				C7F422A7243DC71300E94B09 /* LaunchScreen.storyboard */,
				C7F422AA243DC71300E94B09 /* Info.plist */,
				C7F422AB243DC71300E94B09 /* main.m */,
			);
			path = TestCategory;
			sourceTree = "<group>";
		};
		C7F422B4243DC71300E94B09 /* TestCategoryTests */ = {
			isa = PBXGroup;
			children = (
				C7F422B5243DC71300E94B09 /* TestCategoryTests.m */,
				C7F422B7243DC71300E94B09 /* Info.plist */,
			);
			path = TestCategoryTests;
			sourceTree = "<group>";
		};
		C7F422BF243DC71300E94B09 /* TestCategoryUITests */ = {
			isa = PBXGroup;
			children = (
				C7F422C0243DC71300E94B09 /* TestCategoryUITests.m */,
				C7F422C2243DC71300E94B09 /* Info.plist */,
			);
			path = TestCategoryUITests;
			sourceTree = "<group>";
		};
/* End PBXGroup section */

/* Begin PBXNativeTarget section */
		C7F42295243DC71200E94B09 /* TestCategory */ = {
			isa = PBXNativeTarget;
			buildConfigurationList = C7F422C5243DC71300E94B09 /* Build configuration list for PBXNativeTarget "TestCategory" */;
			buildPhases = (
				C7F42292243DC71200E94B09 /* Sources */,
				C7F42293243DC71200E94B09 /* Frameworks */,
				C7F42294243DC71200E94B09 /* Resources */,
			);
			buildRules = (
			);
			dependencies = (
			);
			name = TestCategory;
			productName = TestCategory;
			productReference = C7F42296243DC71200E94B09 /* TestCategory.app */;
			productType = "com.apple.product-type.application";
		};
		C7F422B0243DC71300E94B09 /* TestCategoryTests */ = {
			isa = PBXNativeTarget;
			buildConfigurationList = C7F422C8243DC71300E94B09 /* Build configuration list for PBXNativeTarget "TestCategoryTests" */;
			buildPhases = (
				C7F422AD243DC71300E94B09 /* Sources */,
				C7F422AE243DC71300E94B09 /* Frameworks */,
				C7F422AF243DC71300E94B09 /* Resources */,
			);
			buildRules = (
			);
			dependencies = (
				C7F422B3243DC71300E94B09 /* PBXTargetDependency */,
			);
			name = TestCategoryTests;
			productName = TestCategoryTests;
			productReference = C7F422B1243DC71300E94B09 /* TestCategoryTests.xctest */;
			productType = "com.apple.product-type.bundle.unit-test";
		};
		C7F422BB243DC71300E94B09 /* TestCategoryUITests */ = {
			isa = PBXNativeTarget;
			buildConfigurationList = C7F422CB243DC71300E94B09 /* Build configuration list for PBXNativeTarget "TestCategoryUITests" */;
			buildPhases = (
				C7F422B8243DC71300E94B09 /* Sources */,
				C7F422B9243DC71300E94B09 /* Frameworks */,
				C7F422BA243DC71300E94B09 /* Resources */,
			);
			buildRules = (
			);
			dependencies = (
				C7F422BE243DC71300E94B09 /* PBXTargetDependency */,
			);
			name = TestCategoryUITests;
			productName = TestCategoryUITests;
			productReference = C7F422BC243DC71300E94B09 /* TestCategoryUITests.xctest */;
			productType = "com.apple.product-type.bundle.ui-testing";
		};
/* End PBXNativeTarget section */

/* Begin PBXProject section */
		C7F4228E243DC71200E94B09 /* Project object */ = {
			isa = PBXProject;
			attributes = {
				LastUpgradeCheck = 1120;
				ORGANIZATIONNAME = wangzelong;
				TargetAttributes = {
					C7F42295243DC71200E94B09 = {
						CreatedOnToolsVersion = 11.2;
					};
					C7F422B0243DC71300E94B09 = {
						CreatedOnToolsVersion = 11.2;
						TestTargetID = C7F42295243DC71200E94B09;
					};
					C7F422BB243DC71300E94B09 = {
						CreatedOnToolsVersion = 11.2;
						TestTargetID = C7F42295243DC71200E94B09;
					};
				};
			};
			buildConfigurationList = C7F42291243DC71200E94B09 /* Build configuration list for PBXProject "TestCategory" */;
			compatibilityVersion = "Xcode 9.3";
			developmentRegion = en;
			hasScannedForEncodings = 0;
			knownRegions = (
				en,
				Base,
			);
			mainGroup = C7F4228D243DC71200E94B09;
			productRefGroup = C7F42297243DC71200E94B09 /* Products */;
			projectDirPath = "";
			projectRoot = "";
			targets = (
				C7F42295243DC71200E94B09 /* TestCategory */,
				C7F422B0243DC71300E94B09 /* TestCategoryTests */,
				C7F422BB243DC71300E94B09 /* TestCategoryUITests */,
			);
		};
/* End PBXProject section */

/* Begin PBXResourcesBuildPhase section */
		C7F42294243DC71200E94B09 /* Resources */ = {
			isa = PBXResourcesBuildPhase;
			buildActionMask = 2147483647;
			files = (
				C7F422A9243DC71300E94B09 /* LaunchScreen.storyboard in Resources */,
				C7F422A6243DC71300E94B09 /* Assets.xcassets in Resources */,
				C7F422A4243DC71200E94B09 /* Main.storyboard in Resources */,
			);
			runOnlyForDeploymentPostprocessing = 0;
		};
		C7F422AF243DC71300E94B09 /* Resources */ = {
			isa = PBXResourcesBuildPhase;
			buildActionMask = 2147483647;
			files = (
			);
			runOnlyForDeploymentPostprocessing = 0;
		};
		C7F422BA243DC71300E94B09 /* Resources */ = {
			isa = PBXResourcesBuildPhase;
			buildActionMask = 2147483647;
			files = (
			);
			runOnlyForDeploymentPostprocessing = 0;
		};
/* End PBXResourcesBuildPhase section */

/* Begin PBXSourcesBuildPhase section */
		C7F42292243DC71200E94B09 /* Sources */ = {
			isa = PBXSourcesBuildPhase;
			buildActionMask = 2147483647;
			files = (
				C7F422A1243DC71200E94B09 /* ViewController.m in Sources */,
				C7F4229B243DC71200E94B09 /* AppDelegate.m in Sources */,
				C7F422D3243DC74E00E94B09 /* Person+A.m in Sources */,
				C7F422D0243DC72800E94B09 /* Person.m in Sources */,
				C7F422AC243DC71300E94B09 /* main.m in Sources */,
				C7F4229E243DC71200E94B09 /* SceneDelegate.m in Sources */,
			);
			runOnlyForDeploymentPostprocessing = 0;
		};
		C7F422AD243DC71300E94B09 /* Sources */ = {
			isa = PBXSourcesBuildPhase;
			buildActionMask = 2147483647;
			files = (
				C7F422B6243DC71300E94B09 /* TestCategoryTests.m in Sources */,
			);
			runOnlyForDeploymentPostprocessing = 0;
		};
		C7F422B8243DC71300E94B09 /* Sources */ = {
			isa = PBXSourcesBuildPhase;
			buildActionMask = 2147483647;
			files = (
				C7F422C1243DC71300E94B09 /* TestCategoryUITests.m in Sources */,
			);
			runOnlyForDeploymentPostprocessing = 0;
		};
/* End PBXSourcesBuildPhase section */

/* Begin PBXTargetDependency section */
		C7F422B3243DC71300E94B09 /* PBXTargetDependency */ = {
			isa = PBXTargetDependency;
			target = C7F42295243DC71200E94B09 /* TestCategory */;
			targetProxy = C7F422B2243DC71300E94B09 /* PBXContainerItemProxy */;
		};
		C7F422BE243DC71300E94B09 /* PBXTargetDependency */ = {
			isa = PBXTargetDependency;
			target = C7F42295243DC71200E94B09 /* TestCategory */;
			targetProxy = C7F422BD243DC71300E94B09 /* PBXContainerItemProxy */;
		};
/* End PBXTargetDependency section */

/* Begin PBXVariantGroup section */
		C7F422A2243DC71200E94B09 /* Main.storyboard */ = {
			isa = PBXVariantGroup;
			children = (
				C7F422A3243DC71200E94B09 /* Base */,
			);
			name = Main.storyboard;
			sourceTree = "<group>";
		};
		C7F422A7243DC71300E94B09 /* LaunchScreen.storyboard */ = {
			isa = PBXVariantGroup;
			children = (
				C7F422A8243DC71300E94B09 /* Base */,
			);
			name = LaunchScreen.storyboard;
			sourceTree = "<group>";
		};
/* End PBXVariantGroup section */

/* Begin XCBuildConfiguration section */
		C7F422C3243DC71300E94B09 /* Debug */ = {
			isa = XCBuildConfiguration;
			buildSettings = {
				ALWAYS_SEARCH_USER_PATHS = NO;
				CLANG_ANALYZER_NONNULL = YES;
				CLANG_ANALYZER_NUMBER_OBJECT_CONVERSION = YES_AGGRESSIVE;
				CLANG_CXX_LANGUAGE_STANDARD = "gnu++14";
				CLANG_CXX_LIBRARY = "libc++";
				CLANG_ENABLE_MODULES = YES;
				CLANG_ENABLE_OBJC_ARC = YES;
				CLANG_ENABLE_OBJC_WEAK = YES;
				CLANG_WARN_BLOCK_CAPTURE_AUTORELEASING = YES;
				CLANG_WARN_BOOL_CONVERSION = YES;
				CLANG_WARN_COMMA = YES;
				CLANG_WARN_CONSTANT_CONVERSION = YES;
				CLANG_WARN_DEPRECATED_OBJC_IMPLEMENTATIONS = YES;
				CLANG_WARN_DIRECT_OBJC_ISA_USAGE = YES_ERROR;
				CLANG_WARN_DOCUMENTATION_COMMENTS = YES;
				CLANG_WARN_EMPTY_BODY = YES;
				CLANG_WARN_ENUM_CONVERSION = YES;
				CLANG_WARN_INFINITE_RECURSION = YES;
				CLANG_WARN_INT_CONVERSION = YES;
				CLANG_WARN_NON_LITERAL_NULL_CONVERSION = YES;
				CLANG_WARN_OBJC_IMPLICIT_RETAIN_SELF = YES;
				CLANG_WARN_OBJC_LITERAL_CONVERSION = YES;
				CLANG_WARN_OBJC_ROOT_CLASS = YES_ERROR;
				CLANG_WARN_RANGE_LOOP_ANALYSIS = YES;
				CLANG_WARN_STRICT_PROTOTYPES = YES;
				CLANG_WARN_SUSPICIOUS_MOVE = YES;
				CLANG_WARN_UNGUARDED_AVAILABILITY = YES_AGGRESSIVE;
				CLANG_WARN_UNREACHABLE_CODE = YES;
				CLANG_WARN__DUPLICATE_METHOD_MATCH = YES;
				COPY_PHASE_STRIP = NO;
				DEBUG_INFORMATION_FORMAT = dwarf;
				ENABLE_STRICT_OBJC_MSGSEND = YES;
				ENABLE_TESTABILITY = YES;
				GCC_C_LANGUAGE_STANDARD = gnu11;
				GCC_DYNAMIC_NO_PIC = NO;
				GCC_NO_COMMON_BLOCKS = YES;
				GCC_OPTIMIZATION_LEVEL = 0;
				GCC_PREPROCESSOR_DEFINITIONS = (
					"DEBUG=1",
					"$(inherited)",
				);
				GCC_WARN_64_TO_32_BIT_CONVERSION = YES;
				GCC_WARN_ABOUT_RETURN_TYPE = YES_ERROR;
				GCC_WARN_UNDECLARED_SELECTOR = YES;
				GCC_WARN_UNINITIALIZED_AUTOS = YES_AGGRESSIVE;
				GCC_WARN_UNUSED_FUNCTION = YES;
				GCC_WARN_UNUSED_VARIABLE = YES;
				IPHONEOS_DEPLOYMENT_TARGET = 13.2;
				MTL_ENABLE_DEBUG_INFO = INCLUDE_SOURCE;
				MTL_FAST_MATH = YES;
				ONLY_ACTIVE_ARCH = YES;
				SDKROOT = iphoneos;
			};
			name = Debug;
		};
		C7F422C4243DC71300E94B09 /* Release */ = {
			isa = XCBuildConfiguration;
			buildSettings = {
				ALWAYS_SEARCH_USER_PATHS = NO;
				CLANG_ANALYZER_NONNULL = YES;
				CLANG_ANALYZER_NUMBER_OBJECT_CONVERSION = YES_AGGRESSIVE;
				CLANG_CXX_LANGUAGE_STANDARD = "gnu++14";
				CLANG_CXX_LIBRARY = "libc++";
				CLANG_ENABLE_MODULES = YES;
				CLANG_ENABLE_OBJC_ARC = YES;
				CLANG_ENABLE_OBJC_WEAK = YES;
				CLANG_WARN_BLOCK_CAPTURE_AUTORELEASING = YES;
				CLANG_WARN_BOOL_CONVERSION = YES;
				CLANG_WARN_COMMA = YES;
				CLANG_WARN_CONSTANT_CONVERSION = YES;
				CLANG_WARN_DEPRECATED_OBJC_IMPLEMENTATIONS = YES;
				CLANG_WARN_DIRECT_OBJC_ISA_USAGE = YES_ERROR;
				CLANG_WARN_DOCUMENTATION_COMMENTS = YES;
				CLANG_WARN_EMPTY_BODY = YES;
				CLANG_WARN_ENUM_CONVERSION = YES;
				CLANG_WARN_INFINITE_RECURSION = YES;
				CLANG_WARN_INT_CONVERSION = YES;
				CLANG_WARN_NON_LITERAL_NULL_CONVERSION = YES;
				CLANG_WARN_OBJC_IMPLICIT_RETAIN_SELF = YES;
				CLANG_WARN_OBJC_LITERAL_CONVERSION = YES;
				CLANG_WARN_OBJC_ROOT_CLASS = YES_ERROR;
				CLANG_WARN_RANGE_LOOP_ANALYSIS = YES;
				CLANG_WARN_STRICT_PROTOTYPES = YES;
				CLANG_WARN_SUSPICIOUS_MOVE = YES;
				CLANG_WARN_UNGUARDED_AVAILABILITY = YES_AGGRESSIVE;
				CLANG_WARN_UNREACHABLE_CODE = YES;
				CLANG_WARN__DUPLICATE_METHOD_MATCH = YES;
				COPY_PHASE_STRIP = NO;
				DEBUG_INFORMATION_FORMAT = "dwarf-with-dsym";
				ENABLE_NS_ASSERTIONS = NO;
				ENABLE_STRICT_OBJC_MSGSEND = YES;
				GCC_C_LANGUAGE_STANDARD = gnu11;
				GCC_NO_COMMON_BLOCKS = YES;
				GCC_WARN_64_TO_32_BIT_CONVERSION = YES;
				GCC_WARN_ABOUT_RETURN_TYPE = YES_ERROR;
				GCC_WARN_UNDECLARED_SELECTOR = YES;
				GCC_WARN_UNINITIALIZED_AUTOS = YES_AGGRESSIVE;
				GCC_WARN_UNUSED_FUNCTION = YES;
				GCC_WARN_UNUSED_VARIABLE = YES;
				IPHONEOS_DEPLOYMENT_TARGET = 13.2;
				MTL_ENABLE_DEBUG_INFO = NO;
				MTL_FAST_MATH = YES;
				SDKROOT = iphoneos;
				VALIDATE_PRODUCT = YES;
			};
			name = Release;
		};
		C7F422C6243DC71300E94B09 /* Debug */ = {
			isa = XCBuildConfiguration;
			buildSettings = {
				ASSETCATALOG_COMPILER_APPICON_NAME = AppIcon;
				CODE_SIGN_STYLE = Automatic;
				INFOPLIST_FILE = TestCategory/Info.plist;
				LD_RUNPATH_SEARCH_PATHS = (
					"$(inherited)",
					"@executable_path/Frameworks",
				);
				PRODUCT_BUNDLE_IDENTIFIER = wangzelong.TestCategory;
				PRODUCT_NAME = "$(TARGET_NAME)";
				TARGETED_DEVICE_FAMILY = "1,2";
			};
			name = Debug;
		};
		C7F422C7243DC71300E94B09 /* Release */ = {
			isa = XCBuildConfiguration;
			buildSettings = {
				ASSETCATALOG_COMPILER_APPICON_NAME = AppIcon;
				CODE_SIGN_STYLE = Automatic;
				INFOPLIST_FILE = TestCategory/Info.plist;
				LD_RUNPATH_SEARCH_PATHS = (
					"$(inherited)",
					"@executable_path/Frameworks",
				);
				PRODUCT_BUNDLE_IDENTIFIER = wangzelong.TestCategory;
				PRODUCT_NAME = "$(TARGET_NAME)";
				TARGETED_DEVICE_FAMILY = "1,2";
			};
			name = Release;
		};
		C7F422C9243DC71300E94B09 /* Debug */ = {
			isa = XCBuildConfiguration;
			buildSettings = {
				BUNDLE_LOADER = "$(TEST_HOST)";
				CODE_SIGN_STYLE = Automatic;
				INFOPLIST_FILE = TestCategoryTests/Info.plist;
				IPHONEOS_DEPLOYMENT_TARGET = 13.2;
				LD_RUNPATH_SEARCH_PATHS = (
					"$(inherited)",
					"@executable_path/Frameworks",
					"@loader_path/Frameworks",
				);
				PRODUCT_BUNDLE_IDENTIFIER = wangzelong.TestCategoryTests;
				PRODUCT_NAME = "$(TARGET_NAME)";
				TARGETED_DEVICE_FAMILY = "1,2";
				TEST_HOST = "$(BUILT_PRODUCTS_DIR)/TestCategory.app/TestCategory";
			};
			name = Debug;
		};
		C7F422CA243DC71300E94B09 /* Release */ = {
			isa = XCBuildConfiguration;
			buildSettings = {
				BUNDLE_LOADER = "$(TEST_HOST)";
				CODE_SIGN_STYLE = Automatic;
				INFOPLIST_FILE = TestCategoryTests/Info.plist;
				IPHONEOS_DEPLOYMENT_TARGET = 13.2;
				LD_RUNPATH_SEARCH_PATHS = (
					"$(inherited)",
					"@executable_path/Frameworks",
					"@loader_path/Frameworks",
				);
				PRODUCT_BUNDLE_IDENTIFIER = wangzelong.TestCategoryTests;
				PRODUCT_NAME = "$(TARGET_NAME)";
				TARGETED_DEVICE_FAMILY = "1,2";
				TEST_HOST = "$(BUILT_PRODUCTS_DIR)/TestCategory.app/TestCategory";
			};
			name = Release;
		};
		C7F422CC243DC71300E94B09 /* Debug */ = {
			isa = XCBuildConfiguration;
			buildSettings = {
				CODE_SIGN_STYLE = Automatic;
				INFOPLIST_FILE = TestCategoryUITests/Info.plist;
				LD_RUNPATH_SEARCH_PATHS = (
					"$(inherited)",
					"@executable_path/Frameworks",
					"@loader_path/Frameworks",
				);
				PRODUCT_BUNDLE_IDENTIFIER = wangzelong.TestCategoryUITests;
				PRODUCT_NAME = "$(TARGET_NAME)";
				TARGETED_DEVICE_FAMILY = "1,2";
				TEST_TARGET_NAME = TestCategory;
			};
			name = Debug;
		};
		C7F422CD243DC71300E94B09 /* Release */ = {
			isa = XCBuildConfiguration;
			buildSettings = {
				CODE_SIGN_STYLE = Automatic;
				INFOPLIST_FILE = TestCategoryUITests/Info.plist;
				LD_RUNPATH_SEARCH_PATHS = (
					"$(inherited)",
					"@executable_path/Frameworks",
					"@loader_path/Frameworks",
				);
				PRODUCT_BUNDLE_IDENTIFIER = wangzelong.TestCategoryUITests;
				PRODUCT_NAME = "$(TARGET_NAME)";
				TARGETED_DEVICE_FAMILY = "1,2";
				TEST_TARGET_NAME = TestCategory;
			};
			name = Release;
		};
/* End XCBuildConfiguration section */

/* Begin XCConfigurationList section */
		C7F42291243DC71200E94B09 /* Build configuration list for PBXProject "TestCategory" */ = {
			isa = XCConfigurationList;
			buildConfigurations = (
				C7F422C3243DC71300E94B09 /* Debug */,
				C7F422C4243DC71300E94B09 /* Release */,
			);
			defaultConfigurationIsVisible = 0;
			defaultConfigurationName = Release;
		};
		C7F422C5243DC71300E94B09 /* Build configuration list for PBXNativeTarget "TestCategory" */ = {
			isa = XCConfigurationList;
			buildConfigurations = (
				C7F422C6243DC71300E94B09 /* Debug */,
				C7F422C7243DC71300E94B09 /* Release */,
			);
			defaultConfigurationIsVisible = 0;
			defaultConfigurationName = Release;
		};
		C7F422C8243DC71300E94B09 /* Build configuration list for PBXNativeTarget "TestCategoryTests" */ = {
			isa = XCConfigurationList;
			buildConfigurations = (
				C7F422C9243DC71300E94B09 /* Debug */,
				C7F422CA243DC71300E94B09 /* Release */,
			);
			defaultConfigurationIsVisible = 0;
			defaultConfigurationName = Release;
		};
		C7F422CB243DC71300E94B09 /* Build configuration list for PBXNativeTarget "TestCategoryUITests" */ = {
			isa = XCConfigurationList;
			buildConfigurations = (
				C7F422CC243DC71300E94B09 /* Debug */,
				C7F422CD243DC71300E94B09 /* Release */,
			);
			defaultConfigurationIsVisible = 0;
			defaultConfigurationName = Release;
		};
/* End XCConfigurationList section */
	};
	rootObject = C7F4228E243DC71200E94B09 /* Project object */;
}
